// !$*UTF8*$!
{
	archiveVersion = 1;
	classes = {
	};
	objectVersion = 48;
	objects = {

/* Begin PBXBuildFile section */
		5F2A2A23B9CA885D42119FEC /* Pods_FDTX.framework in Frameworks */ = {isa = PBXBuildFile; fileRef = 1222061FFF99EC331450FC66 /* Pods_FDTX.framework */; };
		CB03C2C11F5ED4E70013049D /* UserHeaderView.swift in Sources */ = {isa = PBXBuildFile; fileRef = CB03C2C01F5ED4E70013049D /* UserHeaderView.swift */; };
		CB1EDA151F47C89300821092 /* Config.swift in Sources */ = {isa = PBXBuildFile; fileRef = CB1EDA111F47C89300821092 /* Config.swift */; };
		CB1EDA1A1F47C8C300821092 /* GuideViewController.swift in Sources */ = {isa = PBXBuildFile; fileRef = CB1EDA191F47C8C300821092 /* GuideViewController.swift */; };
		CB1F58931F4A81E20096CDC5 /* UnsplashViewCell.swift in Sources */ = {isa = PBXBuildFile; fileRef = CB1F58921F4A81E20096CDC5 /* UnsplashViewCell.swift */; };
		CB1F58961F4A82210096CDC5 /* WebViewController.swift in Sources */ = {isa = PBXBuildFile; fileRef = CB1F58951F4A82210096CDC5 /* WebViewController.swift */; };
		CB2C22FB1F4D775B00820C48 /* UserViewController.swift in Sources */ = {isa = PBXBuildFile; fileRef = CB2C22FA1F4D775B00820C48 /* UserViewController.swift */; };
		CB542A751F47169C00BCB90F /* UnsplashPictureModel.swift in Sources */ = {isa = PBXBuildFile; fileRef = CB542A711F47169C00BCB90F /* UnsplashPictureModel.swift */; };
		CB542A761F47169C00BCB90F /* UnsplashUrlModel.swift in Sources */ = {isa = PBXBuildFile; fileRef = CB542A721F47169C00BCB90F /* UnsplashUrlModel.swift */; };
		CB542A771F47169C00BCB90F /* UnsplashUserModel.swift in Sources */ = {isa = PBXBuildFile; fileRef = CB542A731F47169C00BCB90F /* UnsplashUserModel.swift */; };
		CB542A781F47169C00BCB90F /* UnsplashUserProfileModel.swift in Sources */ = {isa = PBXBuildFile; fileRef = CB542A741F47169C00BCB90F /* UnsplashUserProfileModel.swift */; };
		CB7141E01F5F7F1100E3085C /* UserInfoModel.swift in Sources */ = {isa = PBXBuildFile; fileRef = CB7141DF1F5F7F1100E3085C /* UserInfoModel.swift */; };
		CB7320E91F40376D00F2F7BA /* BaseViewController.swift in Sources */ = {isa = PBXBuildFile; fileRef = CB7320E11F40376D00F2F7BA /* BaseViewController.swift */; };
		CB7320EA1F40376D00F2F7BA /* ContainerViewController.swift in Sources */ = {isa = PBXBuildFile; fileRef = CB7320E31F40376D00F2F7BA /* ContainerViewController.swift */; };
		CB7320EB1F40376D00F2F7BA /* HomeViewController.swift in Sources */ = {isa = PBXBuildFile; fileRef = CB7320E51F40376D00F2F7BA /* HomeViewController.swift */; };
		CB7320EC1F40376D00F2F7BA /* RootNavigationController.swift in Sources */ = {isa = PBXBuildFile; fileRef = CB7320E71F40376D00F2F7BA /* RootNavigationController.swift */; };
		CB7320ED1F40376D00F2F7BA /* RootTabBarController.swift in Sources */ = {isa = PBXBuildFile; fileRef = CB7320E81F40376D00F2F7BA /* RootTabBarController.swift */; };
		CB7320EF1F4037C000F2F7BA /* BaseNetworking.swift in Sources */ = {isa = PBXBuildFile; fileRef = CB7320EE1F4037C000F2F7BA /* BaseNetworking.swift */; };
		CB8920FE1F5D55C700BAB22B /* LoginViewController.swift in Sources */ = {isa = PBXBuildFile; fileRef = CB8920FC1F5D55C700BAB22B /* LoginViewController.swift */; };
		CB8920FF1F5D55C700BAB22B /* RegisterViewController.swift in Sources */ = {isa = PBXBuildFile; fileRef = CB8920FD1F5D55C700BAB22B /* RegisterViewController.swift */; };
		CBA3AF6C1F47FFD800B6293E /* UnsplashViewController.swift in Sources */ = {isa = PBXBuildFile; fileRef = CBA3AF6B1F47FFD800B6293E /* UnsplashViewController.swift */; };
		CBC6AE751F56EDAB004455A6 /* GDWebViewController.swift in Sources */ = {isa = PBXBuildFile; fileRef = CBC6AE731F56EDAB004455A6 /* GDWebViewController.swift */; };
		CBC6AE761F56EDAB004455A6 /* GDWebViewNavigationToolbar.swift in Sources */ = {isa = PBXBuildFile; fileRef = CBC6AE741F56EDAB004455A6 /* GDWebViewNavigationToolbar.swift */; };
		CBC6AE791F56FFE3004455A6 /* VideoViewController.swift in Sources */ = {isa = PBXBuildFile; fileRef = CBC6AE781F56FFE3004455A6 /* VideoViewController.swift */; };
		CBE54D3A1F33700B00FF4CA0 /* AppDelegate.swift in Sources */ = {isa = PBXBuildFile; fileRef = CBE54D391F33700B00FF4CA0 /* AppDelegate.swift */; };
		CBE54D3C1F33700B00FF4CA0 /* ViewController.swift in Sources */ = {isa = PBXBuildFile; fileRef = CBE54D3B1F33700B00FF4CA0 /* ViewController.swift */; };
		CBE54D3F1F33700B00FF4CA0 /* Main.storyboard in Resources */ = {isa = PBXBuildFile; fileRef = CBE54D3D1F33700B00FF4CA0 /* Main.storyboard */; };
		CBE54D411F33700B00FF4CA0 /* Assets.xcassets in Resources */ = {isa = PBXBuildFile; fileRef = CBE54D401F33700B00FF4CA0 /* Assets.xcassets */; };
		CBE54D441F33700B00FF4CA0 /* LaunchScreen.storyboard in Resources */ = {isa = PBXBuildFile; fileRef = CBE54D421F33700B00FF4CA0 /* LaunchScreen.storyboard */; };
/* End PBXBuildFile section */

/* Begin PBXFileReference section */
		1222061FFF99EC331450FC66 /* Pods_FDTX.framework */ = {isa = PBXFileReference; explicitFileType = wrapper.framework; includeInIndex = 0; path = Pods_FDTX.framework; sourceTree = BUILT_PRODUCTS_DIR; };
		212E91FE6DD6C0520B8672C1 /* Pods-FDTX.release.xcconfig */ = {isa = PBXFileReference; includeInIndex = 1; lastKnownFileType = text.xcconfig; name = "Pods-FDTX.release.xcconfig"; path = "Pods/Target Support Files/Pods-FDTX/Pods-FDTX.release.xcconfig"; sourceTree = "<group>"; };
		3346974645089DE4EEF0FAE6 /* Pods-FDTX.debug.xcconfig */ = {isa = PBXFileReference; includeInIndex = 1; lastKnownFileType = text.xcconfig; name = "Pods-FDTX.debug.xcconfig"; path = "Pods/Target Support Files/Pods-FDTX/Pods-FDTX.debug.xcconfig"; sourceTree = "<group>"; };
		CB03C2C01F5ED4E70013049D /* UserHeaderView.swift */ = {isa = PBXFileReference; fileEncoding = 4; lastKnownFileType = sourcecode.swift; path = UserHeaderView.swift; sourceTree = "<group>"; };
		CB1EDA111F47C89300821092 /* Config.swift */ = {isa = PBXFileReference; fileEncoding = 4; lastKnownFileType = sourcecode.swift; path = Config.swift; sourceTree = "<group>"; };
		CB1EDA191F47C8C300821092 /* GuideViewController.swift */ = {isa = PBXFileReference; fileEncoding = 4; lastKnownFileType = sourcecode.swift; path = GuideViewController.swift; sourceTree = "<group>"; };
		CB1F58921F4A81E20096CDC5 /* UnsplashViewCell.swift */ = {isa = PBXFileReference; fileEncoding = 4; lastKnownFileType = sourcecode.swift; path = UnsplashViewCell.swift; sourceTree = "<group>"; };
		CB1F58951F4A82210096CDC5 /* WebViewController.swift */ = {isa = PBXFileReference; fileEncoding = 4; lastKnownFileType = sourcecode.swift; path = WebViewController.swift; sourceTree = "<group>"; };
		CB2C22FA1F4D775B00820C48 /* UserViewController.swift */ = {isa = PBXFileReference; fileEncoding = 4; lastKnownFileType = sourcecode.swift; path = UserViewController.swift; sourceTree = "<group>"; };
		CB4824BA1F52A3D700AC5CA7 /* zh-Hans */ = {isa = PBXFileReference; lastKnownFileType = text.plist.strings; name = "zh-Hans"; path = "zh-Hans.lproj/Main.strings"; sourceTree = "<group>"; };
		CB4824BB1F52A3D700AC5CA7 /* zh-Hans */ = {isa = PBXFileReference; lastKnownFileType = text.plist.strings; name = "zh-Hans"; path = "zh-Hans.lproj/LaunchScreen.strings"; sourceTree = "<group>"; };
		CB542A711F47169C00BCB90F /* UnsplashPictureModel.swift */ = {isa = PBXFileReference; fileEncoding = 4; lastKnownFileType = sourcecode.swift; path = UnsplashPictureModel.swift; sourceTree = "<group>"; };
		CB542A721F47169C00BCB90F /* UnsplashUrlModel.swift */ = {isa = PBXFileReference; fileEncoding = 4; lastKnownFileType = sourcecode.swift; path = UnsplashUrlModel.swift; sourceTree = "<group>"; };
		CB542A731F47169C00BCB90F /* UnsplashUserModel.swift */ = {isa = PBXFileReference; fileEncoding = 4; lastKnownFileType = sourcecode.swift; path = UnsplashUserModel.swift; sourceTree = "<group>"; };
		CB542A741F47169C00BCB90F /* UnsplashUserProfileModel.swift */ = {isa = PBXFileReference; fileEncoding = 4; lastKnownFileType = sourcecode.swift; path = UnsplashUserProfileModel.swift; sourceTree = "<group>"; };
		CB7141DF1F5F7F1100E3085C /* UserInfoModel.swift */ = {isa = PBXFileReference; fileEncoding = 4; lastKnownFileType = sourcecode.swift; path = UserInfoModel.swift; sourceTree = "<group>"; };
		CB7320E11F40376D00F2F7BA /* BaseViewController.swift */ = {isa = PBXFileReference; fileEncoding = 4; lastKnownFileType = sourcecode.swift; path = BaseViewController.swift; sourceTree = "<group>"; };
		CB7320E31F40376D00F2F7BA /* ContainerViewController.swift */ = {isa = PBXFileReference; fileEncoding = 4; lastKnownFileType = sourcecode.swift; path = ContainerViewController.swift; sourceTree = "<group>"; };
		CB7320E51F40376D00F2F7BA /* HomeViewController.swift */ = {isa = PBXFileReference; fileEncoding = 4; lastKnownFileType = sourcecode.swift; path = HomeViewController.swift; sourceTree = "<group>"; };
		CB7320E71F40376D00F2F7BA /* RootNavigationController.swift */ = {isa = PBXFileReference; fileEncoding = 4; lastKnownFileType = sourcecode.swift; path = RootNavigationController.swift; sourceTree = "<group>"; };
		CB7320E81F40376D00F2F7BA /* RootTabBarController.swift */ = {isa = PBXFileReference; fileEncoding = 4; lastKnownFileType = sourcecode.swift; path = RootTabBarController.swift; sourceTree = "<group>"; };
		CB7320EE1F4037C000F2F7BA /* BaseNetworking.swift */ = {isa = PBXFileReference; fileEncoding = 4; lastKnownFileType = sourcecode.swift; path = BaseNetworking.swift; sourceTree = "<group>"; };
		CB8920FC1F5D55C700BAB22B /* LoginViewController.swift */ = {isa = PBXFileReference; fileEncoding = 4; lastKnownFileType = sourcecode.swift; path = LoginViewController.swift; sourceTree = "<group>"; };
		CB8920FD1F5D55C700BAB22B /* RegisterViewController.swift */ = {isa = PBXFileReference; fileEncoding = 4; lastKnownFileType = sourcecode.swift; path = RegisterViewController.swift; sourceTree = "<group>"; };
		CBA3AF6B1F47FFD800B6293E /* UnsplashViewController.swift */ = {isa = PBXFileReference; fileEncoding = 4; lastKnownFileType = sourcecode.swift; path = UnsplashViewController.swift; sourceTree = "<group>"; };
		CBC6AE731F56EDAB004455A6 /* GDWebViewController.swift */ = {isa = PBXFileReference; fileEncoding = 4; lastKnownFileType = sourcecode.swift; path = GDWebViewController.swift; sourceTree = "<group>"; };
		CBC6AE741F56EDAB004455A6 /* GDWebViewNavigationToolbar.swift */ = {isa = PBXFileReference; fileEncoding = 4; lastKnownFileType = sourcecode.swift; path = GDWebViewNavigationToolbar.swift; sourceTree = "<group>"; };
		CBC6AE781F56FFE3004455A6 /* VideoViewController.swift */ = {isa = PBXFileReference; fileEncoding = 4; lastKnownFileType = sourcecode.swift; path = VideoViewController.swift; sourceTree = "<group>"; };
		CBE54D361F33700B00FF4CA0 /* FDTX.app */ = {isa = PBXFileReference; explicitFileType = wrapper.application; includeInIndex = 0; path = FDTX.app; sourceTree = BUILT_PRODUCTS_DIR; };
		CBE54D391F33700B00FF4CA0 /* AppDelegate.swift */ = {isa = PBXFileReference; lastKnownFileType = sourcecode.swift; path = AppDelegate.swift; sourceTree = "<group>"; };
		CBE54D3B1F33700B00FF4CA0 /* ViewController.swift */ = {isa = PBXFileReference; lastKnownFileType = sourcecode.swift; path = ViewController.swift; sourceTree = "<group>"; };
		CBE54D3E1F33700B00FF4CA0 /* Base */ = {isa = PBXFileReference; lastKnownFileType = file.storyboard; name = Base; path = Base.lproj/Main.storyboard; sourceTree = "<group>"; };
		CBE54D401F33700B00FF4CA0 /* Assets.xcassets */ = {isa = PBXFileReference; lastKnownFileType = folder.assetcatalog; path = Assets.xcassets; sourceTree = "<group>"; };
		CBE54D431F33700B00FF4CA0 /* Base */ = {isa = PBXFileReference; lastKnownFileType = file.storyboard; name = Base; path = Base.lproj/LaunchScreen.storyboard; sourceTree = "<group>"; };
		CBE54D451F33700B00FF4CA0 /* Info.plist */ = {isa = PBXFileReference; lastKnownFileType = text.plist.xml; path = Info.plist; sourceTree = "<group>"; };
/* End PBXFileReference section */

/* Begin PBXFrameworksBuildPhase section */
		CBE54D331F33700B00FF4CA0 /* Frameworks */ = {
			isa = PBXFrameworksBuildPhase;
			buildActionMask = 2147483647;
			files = (
				5F2A2A23B9CA885D42119FEC /* Pods_FDTX.framework in Frameworks */,
			);
			runOnlyForDeploymentPostprocessing = 0;
		};
/* End PBXFrameworksBuildPhase section */

/* Begin PBXGroup section */
		73FC0507FE2AFA6AD853D27E /* Frameworks */ = {
			isa = PBXGroup;
			children = (
				1222061FFF99EC331450FC66 /* Pods_FDTX.framework */,
			);
			name = Frameworks;
			sourceTree = "<group>";
		};
		CB03C2BF1F5ED44E0013049D /* View */ = {
			isa = PBXGroup;
			children = (
				CB03C2C01F5ED4E70013049D /* UserHeaderView.swift */,
			);
			path = View;
			sourceTree = "<group>";
		};
		CB1EDA101F47C89300821092 /* Config */ = {
			isa = PBXGroup;
			children = (
				CB1EDA111F47C89300821092 /* Config.swift */,
			);
			path = Config;
			sourceTree = "<group>";
		};
		CB1EDA181F47C8C300821092 /* Guide */ = {
			isa = PBXGroup;
			children = (
				CB1EDA191F47C8C300821092 /* GuideViewController.swift */,
			);
			path = Guide;
			sourceTree = "<group>";
		};
		CB1F58941F4A82190096CDC5 /* Common */ = {
			isa = PBXGroup;
			children = (
				CB1F58951F4A82210096CDC5 /* WebViewController.swift */,
			);
			path = Common;
			sourceTree = "<group>";
		};
		CB2C22F91F4D774300820C48 /* User */ = {
			isa = PBXGroup;
			children = (
				CB7141DE1F5F7EFC00E3085C /* Model */,
				CB03C2BF1F5ED44E0013049D /* View */,
				CB8920FC1F5D55C700BAB22B /* LoginViewController.swift */,
				CB8920FD1F5D55C700BAB22B /* RegisterViewController.swift */,
				CB2C22FA1F4D775B00820C48 /* UserViewController.swift */,
			);
			path = User;
			sourceTree = "<group>";
		};
		CB542A6F1F47166F00BCB90F /* Picture */ = {
			isa = PBXGroup;
			children = (
				CB542A791F4716B700BCB90F /* View */,
				CB542A701F47169C00BCB90F /* Model */,
				CB542A7A1F4716B700BCB90F /* ViewController */,
			);
			path = Picture;
			sourceTree = "<group>";
		};
		CB542A701F47169C00BCB90F /* Model */ = {
			isa = PBXGroup;
			children = (
				CB542A711F47169C00BCB90F /* UnsplashPictureModel.swift */,
				CB542A721F47169C00BCB90F /* UnsplashUrlModel.swift */,
				CB542A731F47169C00BCB90F /* UnsplashUserModel.swift */,
				CB542A741F47169C00BCB90F /* UnsplashUserProfileModel.swift */,
			);
			path = Model;
			sourceTree = "<group>";
		};
		CB542A791F4716B700BCB90F /* View */ = {
			isa = PBXGroup;
			children = (
				CB1F58921F4A81E20096CDC5 /* UnsplashViewCell.swift */,
			);
			path = View;
			sourceTree = "<group>";
		};
		CB542A7A1F4716B700BCB90F /* ViewController */ = {
			isa = PBXGroup;
			children = (
				CBA3AF6B1F47FFD800B6293E /* UnsplashViewController.swift */,
			);
			path = ViewController;
			sourceTree = "<group>";
		};
		CB7141DE1F5F7EFC00E3085C /* Model */ = {
			isa = PBXGroup;
			children = (
				CB7141DF1F5F7F1100E3085C /* UserInfoModel.swift */,
			);
			path = Model;
			sourceTree = "<group>";
		};
		CB7320DE1F40376D00F2F7BA /* Network */ = {
			isa = PBXGroup;
			children = (
				CB7320EE1F4037C000F2F7BA /* BaseNetworking.swift */,
			);
			path = Network;
			sourceTree = "<group>";
		};
		CB7320DF1F40376D00F2F7BA /* Module */ = {
			isa = PBXGroup;
			children = (
				CBC6AE771F56FC58004455A6 /* Video */,
				CB1F58941F4A82190096CDC5 /* Common */,
				CB1EDA181F47C8C300821092 /* Guide */,
				CB542A6F1F47166F00BCB90F /* Picture */,
				CB7320E01F40376D00F2F7BA /* Base */,
				CB7320E21F40376D00F2F7BA /* Container */,
				CB7320E41F40376D00F2F7BA /* Home */,
				CB2C22F91F4D774300820C48 /* User */,
				CB7320E61F40376D00F2F7BA /* Root */,
			);
			path = Module;
			sourceTree = "<group>";
		};
		CB7320E01F40376D00F2F7BA /* Base */ = {
			isa = PBXGroup;
			children = (
				CB7320E11F40376D00F2F7BA /* BaseViewController.swift */,
			);
			path = Base;
			sourceTree = "<group>";
		};
		CB7320E21F40376D00F2F7BA /* Container */ = {
			isa = PBXGroup;
			children = (
				CB7320E31F40376D00F2F7BA /* ContainerViewController.swift */,
			);
			path = Container;
			sourceTree = "<group>";
		};
		CB7320E41F40376D00F2F7BA /* Home */ = {
			isa = PBXGroup;
			children = (
				CB7320E51F40376D00F2F7BA /* HomeViewController.swift */,
			);
			path = Home;
			sourceTree = "<group>";
		};
		CB7320E61F40376D00F2F7BA /* Root */ = {
			isa = PBXGroup;
			children = (
				CB7320E71F40376D00F2F7BA /* RootNavigationController.swift */,
				CB7320E81F40376D00F2F7BA /* RootTabBarController.swift */,
			);
			path = Root;
			sourceTree = "<group>";
		};
		CBC6AE711F56EDAB004455A6 /* ThirdPart */ = {
			isa = PBXGroup;
			children = (
				CBC6AE721F56EDAB004455A6 /* GDWebViewController */,
			);
			path = ThirdPart;
			sourceTree = "<group>";
		};
		CBC6AE721F56EDAB004455A6 /* GDWebViewController */ = {
			isa = PBXGroup;
			children = (
				CBC6AE731F56EDAB004455A6 /* GDWebViewController.swift */,
				CBC6AE741F56EDAB004455A6 /* GDWebViewNavigationToolbar.swift */,
			);
			path = GDWebViewController;
			sourceTree = "<group>";
		};
		CBC6AE771F56FC58004455A6 /* Video */ = {
			isa = PBXGroup;
			children = (
				CBC6AE781F56FFE3004455A6 /* VideoViewController.swift */,
			);
			path = Video;
			sourceTree = "<group>";
		};
		CBE54D2D1F33700B00FF4CA0 = {
			isa = PBXGroup;
			children = (
				CBE54D381F33700B00FF4CA0 /* FDTX */,
				CBE54D371F33700B00FF4CA0 /* Products */,
				E3A1FDB5F10135F83BA9A631 /* Pods */,
				73FC0507FE2AFA6AD853D27E /* Frameworks */,
			);
			sourceTree = "<group>";
		};
		CBE54D371F33700B00FF4CA0 /* Products */ = {
			isa = PBXGroup;
			children = (
				CBE54D361F33700B00FF4CA0 /* FDTX.app */,
			);
			name = Products;
			sourceTree = "<group>";
		};
		CBE54D381F33700B00FF4CA0 /* FDTX */ = {
			isa = PBXGroup;
			children = (
				CBE54D391F33700B00FF4CA0 /* AppDelegate.swift */,
				CB1EDA101F47C89300821092 /* Config */,
				CB7320DF1F40376D00F2F7BA /* Module */,
				CB7320DE1F40376D00F2F7BA /* Network */,
				CBEB87831F546016003C50AC /* Resource */,
				CBC6AE711F56EDAB004455A6 /* ThirdPart */,
				CBE54D3B1F33700B00FF4CA0 /* ViewController.swift */,
				CBE54D3D1F33700B00FF4CA0 /* Main.storyboard */,
				CBE54D401F33700B00FF4CA0 /* Assets.xcassets */,
				CBE54D421F33700B00FF4CA0 /* LaunchScreen.storyboard */,
				CBE54D451F33700B00FF4CA0 /* Info.plist */,
			);
			path = FDTX;
			sourceTree = "<group>";
		};
		CBEB87831F546016003C50AC /* Resource */ = {
			isa = PBXGroup;
			children = (
			);
			path = Resource;
			sourceTree = "<group>";
		};
		E3A1FDB5F10135F83BA9A631 /* Pods */ = {
			isa = PBXGroup;
			children = (
				3346974645089DE4EEF0FAE6 /* Pods-FDTX.debug.xcconfig */,
				212E91FE6DD6C0520B8672C1 /* Pods-FDTX.release.xcconfig */,
			);
			name = Pods;
			sourceTree = "<group>";
		};
/* End PBXGroup section */

/* Begin PBXNativeTarget section */
		CBE54D351F33700B00FF4CA0 /* FDTX */ = {
			isa = PBXNativeTarget;
			buildConfigurationList = CBE54D481F33700B00FF4CA0 /* Build configuration list for PBXNativeTarget "FDTX" */;
			buildPhases = (
				9DFA9EF3563BCC339C338869 /* [CP] Check Pods Manifest.lock */,
				CBE54D321F33700B00FF4CA0 /* Sources */,
				CBE54D331F33700B00FF4CA0 /* Frameworks */,
				CBE54D341F33700B00FF4CA0 /* Resources */,
				9329C1A81AE1B34849A3A975 /* [CP] Embed Pods Frameworks */,
				BF873DF48E6ECDE5FB61C68D /* [CP] Copy Pods Resources */,
			);
			buildRules = (
			);
			dependencies = (
			);
			name = FDTX;
			productName = FDTX;
			productReference = CBE54D361F33700B00FF4CA0 /* FDTX.app */;
			productType = "com.apple.product-type.application";
		};
/* End PBXNativeTarget section */

/* Begin PBXProject section */
		CBE54D2E1F33700B00FF4CA0 /* Project object */ = {
			isa = PBXProject;
			attributes = {
				LastSwiftUpdateCheck = 0900;
				LastUpgradeCheck = 0900;
				ORGANIZATIONNAME = fandong;
				TargetAttributes = {
					CBE54D351F33700B00FF4CA0 = {
						CreatedOnToolsVersion = 9.0;
					};
				};
			};
			buildConfigurationList = CBE54D311F33700B00FF4CA0 /* Build configuration list for PBXProject "FDTX" */;
			compatibilityVersion = "Xcode 8.0";
			developmentRegion = en;
			hasScannedForEncodings = 0;
			knownRegions = (
				en,
				Base,
			);
			mainGroup = CBE54D2D1F33700B00FF4CA0;
			productRefGroup = CBE54D371F33700B00FF4CA0 /* Products */;
			projectDirPath = "";
			projectRoot = "";
			targets = (
				CBE54D351F33700B00FF4CA0 /* FDTX */,
			);
		};
/* End PBXProject section */

/* Begin PBXResourcesBuildPhase section */
		CBE54D341F33700B00FF4CA0 /* Resources */ = {
			isa = PBXResourcesBuildPhase;
			buildActionMask = 2147483647;
			files = (
				CBE54D441F33700B00FF4CA0 /* LaunchScreen.storyboard in Resources */,
				CBE54D411F33700B00FF4CA0 /* Assets.xcassets in Resources */,
				CBE54D3F1F33700B00FF4CA0 /* Main.storyboard in Resources */,
			);
			runOnlyForDeploymentPostprocessing = 0;
		};
/* End PBXResourcesBuildPhase section */

/* Begin PBXShellScriptBuildPhase section */
		9329C1A81AE1B34849A3A975 /* [CP] Embed Pods Frameworks */ = {
			isa = PBXShellScriptBuildPhase;
			buildActionMask = 2147483647;
			files = (
			);
			inputPaths = (
			);
			name = "[CP] Embed Pods Frameworks";
			outputPaths = (
			);
			runOnlyForDeploymentPostprocessing = 0;
			shellPath = /bin/sh;
			shellScript = "\"${SRCROOT}/Pods/Target Support Files/Pods-FDTX/Pods-FDTX-frameworks.sh\"\n";
			showEnvVarsInLog = 0;
		};
		9DFA9EF3563BCC339C338869 /* [CP] Check Pods Manifest.lock */ = {
			isa = PBXShellScriptBuildPhase;
			buildActionMask = 2147483647;
			files = (
			);
			inputPaths = (
			);
			name = "[CP] Check Pods Manifest.lock";
			outputPaths = (
			);
			runOnlyForDeploymentPostprocessing = 0;
			shellPath = /bin/sh;
			shellScript = "diff \"${PODS_PODFILE_DIR_PATH}/Podfile.lock\" \"${PODS_ROOT}/Manifest.lock\" > /dev/null\nif [ $? != 0 ] ; then\n    # print error to STDERR\n    echo \"error: The sandbox is not in sync with the Podfile.lock. Run 'pod install' or update your CocoaPods installation.\" >&2\n    exit 1\nfi\n";
			showEnvVarsInLog = 0;
		};
		BF873DF48E6ECDE5FB61C68D /* [CP] Copy Pods Resources */ = {
			isa = PBXShellScriptBuildPhase;
			buildActionMask = 2147483647;
			files = (
			);
			inputPaths = (
			);
			name = "[CP] Copy Pods Resources";
			outputPaths = (
			);
			runOnlyForDeploymentPostprocessing = 0;
			shellPath = /bin/sh;
			shellScript = "\"${SRCROOT}/Pods/Target Support Files/Pods-FDTX/Pods-FDTX-resources.sh\"\n";
			showEnvVarsInLog = 0;
		};
/* End PBXShellScriptBuildPhase section */

/* Begin PBXSourcesBuildPhase section */
		CBE54D321F33700B00FF4CA0 /* Sources */ = {
			isa = PBXSourcesBuildPhase;
			buildActionMask = 2147483647;
			files = (
				CB7320EB1F40376D00F2F7BA /* HomeViewController.swift in Sources */,
				CB2C22FB1F4D775B00820C48 /* UserViewController.swift in Sources */,
				CB7320ED1F40376D00F2F7BA /* RootTabBarController.swift in Sources */,
				CBA3AF6C1F47FFD800B6293E /* UnsplashViewController.swift in Sources */,
				CB7141E01F5F7F1100E3085C /* UserInfoModel.swift in Sources */,
				CB7320EF1F4037C000F2F7BA /* BaseNetworking.swift in Sources */,
				CB1EDA1A1F47C8C300821092 /* GuideViewController.swift in Sources */,
				CBE54D3C1F33700B00FF4CA0 /* ViewController.swift in Sources */,
				CB542A771F47169C00BCB90F /* UnsplashUserModel.swift in Sources */,
				CBC6AE791F56FFE3004455A6 /* VideoViewController.swift in Sources */,
				CBC6AE761F56EDAB004455A6 /* GDWebViewNavigationToolbar.swift in Sources */,
				CB03C2C11F5ED4E70013049D /* UserHeaderView.swift in Sources */,
				CB8920FE1F5D55C700BAB22B /* LoginViewController.swift in Sources */,
				CBE54D3A1F33700B00FF4CA0 /* AppDelegate.swift in Sources */,
				CBC6AE751F56EDAB004455A6 /* GDWebViewController.swift in Sources */,
				CB1EDA151F47C89300821092 /* Config.swift in Sources */,
				CB8920FF1F5D55C700BAB22B /* RegisterViewController.swift in Sources */,
				CB7320EA1F40376D00F2F7BA /* ContainerViewController.swift in Sources */,
				CB1F58931F4A81E20096CDC5 /* UnsplashViewCell.swift in Sources */,
				CB542A751F47169C00BCB90F /* UnsplashPictureModel.swift in Sources */,
				CB1F58961F4A82210096CDC5 /* WebViewController.swift in Sources */,
				CB542A781F47169C00BCB90F /* UnsplashUserProfileModel.swift in Sources */,
				CB542A761F47169C00BCB90F /* UnsplashUrlModel.swift in Sources */,
				CB7320E91F40376D00F2F7BA /* BaseViewController.swift in Sources */,
				CB7320EC1F40376D00F2F7BA /* RootNavigationController.swift in Sources */,
			);
			runOnlyForDeploymentPostprocessing = 0;
		};
/* End PBXSourcesBuildPhase section */

/* Begin PBXVariantGroup section */
		CBE54D3D1F33700B00FF4CA0 /* Main.storyboard */ = {
			isa = PBXVariantGroup;
			children = (
				CBE54D3E1F33700B00FF4CA0 /* Base */,
				CB4824BA1F52A3D700AC5CA7 /* zh-Hans */,
			);
			name = Main.storyboard;
			sourceTree = "<group>";
		};
		CBE54D421F33700B00FF4CA0 /* LaunchScreen.storyboard */ = {
			isa = PBXVariantGroup;
			children = (
				CBE54D431F33700B00FF4CA0 /* Base */,
				CB4824BB1F52A3D700AC5CA7 /* zh-Hans */,
			);
			name = LaunchScreen.storyboard;
			sourceTree = "<group>";
		};
/* End PBXVariantGroup section */

/* Begin XCBuildConfiguration section */
		CBE54D461F33700B00FF4CA0 /* Debug */ = {
			isa = XCBuildConfiguration;
			buildSettings = {
				ALWAYS_SEARCH_USER_PATHS = NO;
				CLANG_ANALYZER_LOCALIZABILITY_NONLOCALIZED = YES;
				CLANG_ANALYZER_NONNULL = YES;
				CLANG_ANALYZER_NUMBER_OBJECT_CONVERSION = YES_AGGRESSIVE;
				CLANG_CXX_LANGUAGE_STANDARD = "gnu++14";
				CLANG_CXX_LIBRARY = "libc++";
				CLANG_ENABLE_MODULES = YES;
				CLANG_ENABLE_OBJC_ARC = YES;
				CLANG_WARN_BLOCK_CAPTURE_AUTORELEASING = YES;
				CLANG_WARN_BOOL_CONVERSION = YES;
				CLANG_WARN_COMMA = YES;
				CLANG_WARN_CONSTANT_CONVERSION = YES;
				CLANG_WARN_DIRECT_OBJC_ISA_USAGE = YES_ERROR;
				CLANG_WARN_DOCUMENTATION_COMMENTS = YES;
				CLANG_WARN_EMPTY_BODY = YES;
				CLANG_WARN_ENUM_CONVERSION = YES;
				CLANG_WARN_INFINITE_RECURSION = YES;
				CLANG_WARN_INT_CONVERSION = YES;
				CLANG_WARN_OBJC_ROOT_CLASS = YES_ERROR;
				CLANG_WARN_RANGE_LOOP_ANALYSIS = YES;
				CLANG_WARN_STRICT_PROTOTYPES = YES;
				CLANG_WARN_SUSPICIOUS_MOVE = YES;
				CLANG_WARN_UNGUARDED_AVAILABILITY = YES_AGGRESSIVE;
				CLANG_WARN_UNREACHABLE_CODE = YES;
				CLANG_WARN__DUPLICATE_METHOD_MATCH = YES;
				CODE_SIGN_IDENTITY = "iPhone Developer";
				COPY_PHASE_STRIP = NO;
				DEBUG_INFORMATION_FORMAT = dwarf;
				ENABLE_STRICT_OBJC_MSGSEND = YES;
				ENABLE_TESTABILITY = YES;
				GCC_C_LANGUAGE_STANDARD = gnu11;
				GCC_DYNAMIC_NO_PIC = NO;
				GCC_NO_COMMON_BLOCKS = YES;
				GCC_OPTIMIZATION_LEVEL = 0;
				GCC_PREPROCESSOR_DEFINITIONS = (
					"DEBUG=1",
					"$(inherited)",
				);
				GCC_WARN_64_TO_32_BIT_CONVERSION = YES;
				GCC_WARN_ABOUT_RETURN_TYPE = YES_ERROR;
				GCC_WARN_UNDECLARED_SELECTOR = YES;
				GCC_WARN_UNINITIALIZED_AUTOS = YES_AGGRESSIVE;
				GCC_WARN_UNUSED_FUNCTION = YES;
				GCC_WARN_UNUSED_VARIABLE = YES;
				IPHONEOS_DEPLOYMENT_TARGET = 8.0;
				MTL_ENABLE_DEBUG_INFO = YES;
				ONLY_ACTIVE_ARCH = YES;
				SDKROOT = iphoneos;
				SWIFT_ACTIVE_COMPILATION_CONDITIONS = DEBUG;
				SWIFT_OPTIMIZATION_LEVEL = "-Onone";
			};
			name = Debug;
		};
		CBE54D471F33700B00FF4CA0 /* Release */ = {
			isa = XCBuildConfiguration;
			buildSettings = {
				ALWAYS_SEARCH_USER_PATHS = NO;
				CLANG_ANALYZER_LOCALIZABILITY_NONLOCALIZED = YES;
				CLANG_ANALYZER_NONNULL = YES;
				CLANG_ANALYZER_NUMBER_OBJECT_CONVERSION = YES_AGGRESSIVE;
				CLANG_CXX_LANGUAGE_STANDARD = "gnu++14";
				CLANG_CXX_LIBRARY = "libc++";
				CLANG_ENABLE_MODULES = YES;
				CLANG_ENABLE_OBJC_ARC = YES;
				CLANG_WARN_BLOCK_CAPTURE_AUTORELEASING = YES;
				CLANG_WARN_BOOL_CONVERSION = YES;
				CLANG_WARN_COMMA = YES;
				CLANG_WARN_CONSTANT_CONVERSION = YES;
				CLANG_WARN_DIRECT_OBJC_ISA_USAGE = YES_ERROR;
				CLANG_WARN_DOCUMENTATION_COMMENTS = YES;
				CLANG_WARN_EMPTY_BODY = YES;
				CLANG_WARN_ENUM_CONVERSION = YES;
				CLANG_WARN_INFINITE_RECURSION = YES;
				CLANG_WARN_INT_CONVERSION = YES;
				CLANG_WARN_OBJC_ROOT_CLASS = YES_ERROR;
				CLANG_WARN_RANGE_LOOP_ANALYSIS = YES;
				CLANG_WARN_STRICT_PROTOTYPES = YES;
				CLANG_WARN_SUSPICIOUS_MOVE = YES;
				CLANG_WARN_UNGUARDED_AVAILABILITY = YES_AGGRESSIVE;
				CLANG_WARN_UNREACHABLE_CODE = YES;
				CLANG_WARN__DUPLICATE_METHOD_MATCH = YES;
				CODE_SIGN_IDENTITY = "iPhone Developer";
				COPY_PHASE_STRIP = NO;
				DEBUG_INFORMATION_FORMAT = "dwarf-with-dsym";
				ENABLE_NS_ASSERTIONS = NO;
				ENABLE_STRICT_OBJC_MSGSEND = YES;
				GCC_C_LANGUAGE_STANDARD = gnu11;
				GCC_NO_COMMON_BLOCKS = YES;
				GCC_WARN_64_TO_32_BIT_CONVERSION = YES;
				GCC_WARN_ABOUT_RETURN_TYPE = YES_ERROR;
				GCC_WARN_UNDECLARED_SELECTOR = YES;
				GCC_WARN_UNINITIALIZED_AUTOS = YES_AGGRESSIVE;
				GCC_WARN_UNUSED_FUNCTION = YES;
				GCC_WARN_UNUSED_VARIABLE = YES;
				IPHONEOS_DEPLOYMENT_TARGET = 8.0;
				MTL_ENABLE_DEBUG_INFO = NO;
				SDKROOT = iphoneos;
				SWIFT_OPTIMIZATION_LEVEL = "-Owholemodule";
				VALIDATE_PRODUCT = YES;
			};
			name = Release;
		};
		CBE54D491F33700B00FF4CA0 /* Debug */ = {
			isa = XCBuildConfiguration;
			baseConfigurationReference = 3346974645089DE4EEF0FAE6 /* Pods-FDTX.debug.xcconfig */;
			buildSettings = {
				ASSETCATALOG_COMPILER_APPICON_NAME = AppIcon;
				DEVELOPMENT_TEAM = F9N98X7P4L;
				INFOPLIST_FILE = FDTX/Info.plist;
				IPHONEOS_DEPLOYMENT_TARGET = 8.0;
				LD_RUNPATH_SEARCH_PATHS = "$(inherited) @executable_path/Frameworks";
				PRODUCT_BUNDLE_IDENTIFIER = me.fandong.FDTX;
				PRODUCT_NAME = "$(TARGET_NAME)";
				SWIFT_VERSION = 3.0;
				TARGETED_DEVICE_FAMILY = "1,2";
			};
			name = Debug;
		};
		CBE54D4A1F33700B00FF4CA0 /* Release */ = {
			isa = XCBuildConfiguration;
			baseConfigurationReference = 212E91FE6DD6C0520B8672C1 /* Pods-FDTX.release.xcconfig */;
			buildSettings = {
				ASSETCATALOG_COMPILER_APPICON_NAME = AppIcon;
				DEVELOPMENT_TEAM = F9N98X7P4L;
				INFOPLIST_FILE = FDTX/Info.plist;
				IPHONEOS_DEPLOYMENT_TARGET = 8.0;
				LD_RUNPATH_SEARCH_PATHS = "$(inherited) @executable_path/Frameworks";
				PRODUCT_BUNDLE_IDENTIFIER = me.fandong.FDTX;
				PRODUCT_NAME = "$(TARGET_NAME)";
				SWIFT_VERSION = 3.0;
				TARGETED_DEVICE_FAMILY = "1,2";
			};
			name = Release;
		};
/* End XCBuildConfiguration section */

/* Begin XCConfigurationList section */
		CBE54D311F33700B00FF4CA0 /* Build configuration list for PBXProject "FDTX" */ = {
			isa = XCConfigurationList;
			buildConfigurations = (
				CBE54D461F33700B00FF4CA0 /* Debug */,
				CBE54D471F33700B00FF4CA0 /* Release */,
			);
			defaultConfigurationIsVisible = 0;
			defaultConfigurationName = Release;
		};
		CBE54D481F33700B00FF4CA0 /* Build configuration list for PBXNativeTarget "FDTX" */ = {
			isa = XCConfigurationList;
			buildConfigurations = (
				CBE54D491F33700B00FF4CA0 /* Debug */,
				CBE54D4A1F33700B00FF4CA0 /* Release */,
			);
			defaultConfigurationIsVisible = 0;
			defaultConfigurationName = Release;
		};
/* End XCConfigurationList section */
	};
	rootObject = CBE54D2E1F33700B00FF4CA0 /* Project object */;
}
